
Microsoft Visual Studio Solution File, Format Version 12.00
# Visual Studio 15
VisualStudioVersion = 15.0.28307.102
MinimumVisualStudioVersion = 10.0.40219.1
Project("{FAE04EC0-301F-11D3-BF4B-00C04F79EFBC}") = "KochmarLab1", "KochmarLab1\KochmarLab1.csproj", "{E3F51073-1592-4514-9473-E19C62C345FE}"
EndProject
Global
	GlobalSection(SolutionConfigurationPlatforms) = preSolution
		Debug|Any CPU = Debug|Any CPU
		Release|Any CPU = Release|Any CPU
	EndGlobalSection
	GlobalSection(ProjectConfigurationPlatforms) = postSolution
		{E3F51073-1592-4514-9473-E19C62C345FE}.Debug|Any CPU.ActiveCfg = Debug|Any CPU
		{E3F51073-1592-4514-9473-E19C62C345FE}.Debug|Any CPU.Build.0 = Debug|Any CPU
		{E3F51073-1592-4514-9473-E19C62C345FE}.Release|Any CPU.ActiveCfg = Release|Any CPU
		{E3F51073-1592-4514-9473-E19C62C345FE}.Release|Any CPU.Build.0 = Release|Any CPU
	EndGlobalSection
	GlobalSection(SolutionProperties) = preSolution
		HideSolutionNode = FALSE
	EndGlobalSection
	GlobalSection(ExtensibilityGlobals) = postSolution
		SolutionGuid = {C6F20FD2-1605-400F-BF7F-0C3115B55807}
	EndGlobalSection
EndGlobal
